{
  "name": "@volt-hq/tool-duration-classifier",
  "version": "0.0.0",
  "lockfileVersion": 3,
  "requires": true,
  "packages": {
    "": {
      "name": "@volt-hq/tool-duration-classifier",
      "version": "0.0.0",
      "license": "MIT",
      "engines": {
        "node": ">=22.19.0"
      }
    }
  }
}
